
Microsoft Visual Studio Solution File, Format Version 12.00
# Visual Studio 2012
Project("{FAE04EC0-301F-11D3-BF4B-00C04F79EFBC}") = "DisruptorExperiments", "DisruptorExperiments\DisruptorExperiments.csproj", "{43075F7F-FDEE-47BC-A388-EF9D1E6C5820}"
EndProject
Global
	GlobalSection(SolutionConfigurationPlatforms) = preSolution
		Debug|Any CPU = Debug|Any CPU
		Release|Any CPU = Release|Any CPU
	EndGlobalSection
	GlobalSection(ProjectConfigurationPlatforms) = postSolution
		{43075F7F-FDEE-47BC-A388-EF9D1E6C5820}.Debug|Any CPU.ActiveCfg = Debug|Any CPU
		{43075F7F-FDEE-47BC-A388-EF9D1E6C5820}.Debug|Any CPU.Build.0 = Debug|Any CPU
		{43075F7F-FDEE-47BC-A388-EF9D1E6C5820}.Release|Any CPU.ActiveCfg = Release|Any CPU
		{43075F7F-FDEE-47BC-A388-EF9D1E6C5820}.Release|Any CPU.Build.0 = Release|Any CPU
	EndGlobalSection
	GlobalSection(SolutionProperties) = preSolution
		HideSolutionNode = FALSE
	EndGlobalSection
EndGlobal
